{
  "version": "5",
  "specifiers": {
    "npm:@hono/zod-openapi@~0.19.8": "0.19.8_hono@4.8.2_zod@3.25.67",
    "npm:@scalar/hono-api-reference@~0.9.6": "0.9.6_hono@4.8.2",
    "npm:hono@^4.8.2": "4.8.2"
  },
  "npm": {
    "@asteasolutions/zod-to-openapi@7.3.4_zod@3.25.67": {
      "integrity": "sha512-/2rThQ5zPi9OzVwes6U7lK1+Yvug0iXu25olp7S0XsYmOqnyMfxH7gdSQjn/+DSOHRg7wnotwGJSyL+fBKdnEA==",
      "dependencies": [
        "openapi3-ts",
        "zod@3.25.67"
      ]
    },
    "@hono/zod-openapi@0.19.8_hono@4.8.2_zod@3.25.67": {
      "integrity": "sha512-CHUSW0K+bDGUYXovxQSbVjZffzoPeTsGu6wevPoGSmBdPuUw5yZqDeomnvyAAAAvEjhLQPlAsUyASc1Zi35exQ==",
      "dependencies": [
        "@asteasolutions/zod-to-openapi",
        "@hono/zod-validator",
        "hono",
        "zod@3.25.67"
      ]
    },
    "@hono/zod-validator@0.7.0_hono@4.8.2_zod@3.25.67": {
      "integrity": "sha512-qe2ZE6sHFE98dcUrbYMtS3bAV8hqcCOflykvZga2S7XhmNSZzT+dIz4OuMILsjLHkJw9JMn912/dB7dQOmuPvg==",
      "dependencies": [
        "hono",
        "zod@3.25.67"
      ]
    },
    "@scalar/core@0.3.4": {
      "integrity": "sha512-5MHmi7TbMXBlR2TcrGh7SIxNzGABf5IxiV7R8h4kyaSwlvc+tg8uo/qwDdTK/psql764VieRHaH7gdL9tu+8+w==",
      "dependencies": [
        "@scalar/types"
      ]
    },
    "@scalar/hono-api-reference@0.9.6_hono@4.8.2": {
      "integrity": "sha512-P/dG41l+shL8lv7GcOpygkG6QqWl+lKHmfidBtXA22QMioSR9G1JT4Hyaxj0FOAdoLKCaMqzGk3ouJ438JeUkA==",
      "dependencies": [
        "@scalar/core",
        "hono"
      ]
    },
    "@scalar/openapi-types@0.3.3": {
      "integrity": "sha512-mr3OvbCyvuzSDgv9gR9D3pJAsl82BRNBp1P8ldgRgKF4Wiswfa7nQeKibpX0kHSGXLgiyvxWJULUFwgdWMXNNA==",
      "dependencies": [
        "zod@3.24.1"
      ]
    },
    "@scalar/types@0.2.4": {
      "integrity": "sha512-OpsNJN0r3hVVR8mF1YDO+YioeRmva/7pPravDh3GsWNQOSBOaFzLac8IkRLI+gBMpsIcJq1s+lisqPg+GHNiaA==",
      "dependencies": [
        "@scalar/openapi-types",
        "nanoid",
        "zod@3.24.1"
      ]
    },
    "hono@4.8.2": {
      "integrity": "sha512-hM+1RIn9PK1I6SiTNS6/y7O1mvg88awYLFEuEtoiMtRyT3SD2iu9pSFgbBXT3b1Ua4IwzvSTLvwO0SEhDxCi4w=="
    },
    "nanoid@5.1.5": {
      "integrity": "sha512-Ir/+ZpE9fDsNH0hQ3C68uyThDXzYcim2EqcZ8zn8Chtt1iylPT9xXJB0kPCnqzgcEGikO9RxSrh63MsmVCU7Fw==",
      "bin": true
    },
    "openapi3-ts@4.4.0": {
      "integrity": "sha512-9asTNB9IkKEzWMcHmVZE7Ts3kC9G7AFHfs8i7caD8HbI76gEjdkId4z/AkP83xdZsH7PLAnnbl47qZkXuxpArw==",
      "dependencies": [
        "yaml"
      ]
    },
    "yaml@2.8.0": {
      "integrity": "sha512-4lLa/EcQCB0cJkyts+FpIRx5G/llPxfP6VQU5KByHEhLxY3IJCH0f0Hy1MHI8sClTvsIb8qwRJ6R/ZdlDJ/leQ==",
      "bin": true
    },
    "zod@3.24.1": {
      "integrity": "sha512-muH7gBL9sI1nciMZV67X5fTKKBLtwpZ5VBp1vsOQzj1MhrBZ4wlVCm3gedKZWLp0Oyel8sIGfeiz54Su+OVT+A=="
    },
    "zod@3.25.67": {
      "integrity": "sha512-idA2YXwpCdqUSKRCACDE6ItZD9TZzy3OZMtpfLoh6oPR47lipysRrJfjzMqFxQ3uJuUPyUeWe1r9vLH33xO/Qw=="
    }
  },
  "workspace": {
    "dependencies": [
      "npm:@hono/zod-openapi@~0.19.8",
      "npm:@scalar/hono-api-reference@~0.9.6",
      "npm:hono@^4.8.2"
    ]
  }
}
